{
  "nodes": {
    "home-manager": {
      "inputs": {
        "nixpkgs": [
          "nixpkgs"
        ]
      },
      "locked": {
        "lastModified": 1656169755,
        "narHash": "sha256-Nlnm4jeQWEGjYrE6hxi/7HYHjBSZ/E0RtjCYifnNsWk=",
        "owner": "nix-community",
        "repo": "home-manager",
        "rev": "4a3d01fb53f52ac83194081272795aa4612c2381",
        "type": "github"
      },
      "original": {
        "owner": "nix-community",
        "ref": "release-22.05",
        "repo": "home-manager",
        "type": "github"
      }
    },
    "hyprland": {
      "inputs": {
        "nixpkgs": [
          "nixpkgs"
        ],
        "wlroots": "wlroots"
      },
      "locked": {
        "lastModified": 1659025067,
        "narHash": "sha256-e4CfZSh9AMsbsUkvDT9yDRRb2QCRiXLwsukpFQ9UdXA=",
        "owner": "hyprwm",
        "repo": "Hyprland",
        "rev": "13d9c85e4e6f574b644f510ce803c0b0c8472b62",
        "type": "github"
      },
      "original": {
        "owner": "hyprwm",
        "repo": "Hyprland",
        "type": "github"
      }
    },
    "nixpkgs": {
      "locked": {
        "lastModified": 1658826464,
        "narHash": "sha256-94ZTF0uIX/iZdiD4RJ5f933ak/OM4XLl7hF+gCa4Iuk=",
        "owner": "NixOS",
        "repo": "nixpkgs",
        "rev": "ce49cb7792a7ffd65ef352dda1110a4e4a204eac",
        "type": "github"
      },
      "original": {
        "id": "nixpkgs",
        "ref": "nixos-unstable",
        "type": "indirect"
      }
    },
    "root": {
      "inputs": {
        "home-manager": "home-manager",
        "hyprland": "hyprland",
        "nixpkgs": "nixpkgs"
      }
    },
    "wlroots": {
      "flake": false,
      "locked": {
        "host": "gitlab.freedesktop.org",
        "lastModified": 1656865312,
        "narHash": "sha256-xtQ0zwJZwN8sciruveM10CzKz6TWxBY8SyXa8E4jly4=",
        "owner": "wlroots",
        "repo": "wlroots",
        "rev": "5dc1d4671dd2ca3c1f0f09587c463fdbb542f0a4",
        "type": "gitlab"
      },
      "original": {
        "host": "gitlab.freedesktop.org",
        "owner": "wlroots",
        "repo": "wlroots",
        "type": "gitlab"
      }
    }
  },
  "root": "root",
  "version": 7
}
